
Microsoft Visual Studio Solution File, Format Version 12.00
# Visual Studio Version 17
VisualStudioVersion = 17.7.34003.232
MinimumVisualStudioVersion = 10.0.40219.1
Project("{FAE04EC0-301F-11D3-BF4B-00C04F79EFBC}") = "ClubMembershipApplication", "ClubMembershipApplication\ClubMembershipApplication.csproj", "{E7EC05EE-7CE4-445E-BF2A-3A444F6209ED}"
EndProject
Project("{FAE04EC0-301F-11D3-BF4B-00C04F79EFBC}") = "FieldValidatorAPI", "FieldValidatorAPI\FieldValidatorAPI.csproj", "{B105206F-E871-466A-BFB4-7AF0B9FD4607}"
EndProject
Global
	GlobalSection(SolutionConfigurationPlatforms) = preSolution
		Debug|Any CPU = Debug|Any CPU
		Release|Any CPU = Release|Any CPU
	EndGlobalSection
	GlobalSection(ProjectConfigurationPlatforms) = postSolution
		{E7EC05EE-7CE4-445E-BF2A-3A444F6209ED}.Debug|Any CPU.ActiveCfg = Debug|Any CPU
		{E7EC05EE-7CE4-445E-BF2A-3A444F6209ED}.Debug|Any CPU.Build.0 = Debug|Any CPU
		{E7EC05EE-7CE4-445E-BF2A-3A444F6209ED}.Release|Any CPU.ActiveCfg = Release|Any CPU
		{E7EC05EE-7CE4-445E-BF2A-3A444F6209ED}.Release|Any CPU.Build.0 = Release|Any CPU
		{B105206F-E871-466A-BFB4-7AF0B9FD4607}.Debug|Any CPU.ActiveCfg = Debug|Any CPU
		{B105206F-E871-466A-BFB4-7AF0B9FD4607}.Debug|Any CPU.Build.0 = Debug|Any CPU
		{B105206F-E871-466A-BFB4-7AF0B9FD4607}.Release|Any CPU.ActiveCfg = Release|Any CPU
		{B105206F-E871-466A-BFB4-7AF0B9FD4607}.Release|Any CPU.Build.0 = Release|Any CPU
	EndGlobalSection
	GlobalSection(SolutionProperties) = preSolution
		HideSolutionNode = FALSE
	EndGlobalSection
	GlobalSection(ExtensibilityGlobals) = postSolution
		SolutionGuid = {876A089A-16DC-4496-8F8F-A7398DBD5C58}
	EndGlobalSection
EndGlobal
