
Microsoft Visual Studio Solution File, Format Version 12.00
# Visual Studio Version 17
VisualStudioVersion = 17.7.34003.232
MinimumVisualStudioVersion = 10.0.40219.1
Project("{FAE04EC0-301F-11D3-BF4B-00C04F79EFBC}") = "SchoolHRAdministration", "SchoolHRAdministration\SchoolHRAdministration.csproj", "{0094B3FD-F7B5-42DD-8869-EE5D65F019A9}"
EndProject
Project("{FAE04EC0-301F-11D3-BF4B-00C04F79EFBC}") = "HRAdministrationAPI", "HRAdministrationAPI\HRAdministrationAPI.csproj", "{7ED97595-4D6C-46D5-A92B-529C76DA0E1F}"
EndProject
Global
	GlobalSection(SolutionConfigurationPlatforms) = preSolution
		Debug|Any CPU = Debug|Any CPU
		Release|Any CPU = Release|Any CPU
	EndGlobalSection
	GlobalSection(ProjectConfigurationPlatforms) = postSolution
		{0094B3FD-F7B5-42DD-8869-EE5D65F019A9}.Debug|Any CPU.ActiveCfg = Debug|Any CPU
		{0094B3FD-F7B5-42DD-8869-EE5D65F019A9}.Debug|Any CPU.Build.0 = Debug|Any CPU
		{0094B3FD-F7B5-42DD-8869-EE5D65F019A9}.Release|Any CPU.ActiveCfg = Release|Any CPU
		{0094B3FD-F7B5-42DD-8869-EE5D65F019A9}.Release|Any CPU.Build.0 = Release|Any CPU
		{7ED97595-4D6C-46D5-A92B-529C76DA0E1F}.Debug|Any CPU.ActiveCfg = Debug|Any CPU
		{7ED97595-4D6C-46D5-A92B-529C76DA0E1F}.Debug|Any CPU.Build.0 = Debug|Any CPU
		{7ED97595-4D6C-46D5-A92B-529C76DA0E1F}.Release|Any CPU.ActiveCfg = Release|Any CPU
		{7ED97595-4D6C-46D5-A92B-529C76DA0E1F}.Release|Any CPU.Build.0 = Release|Any CPU
	EndGlobalSection
	GlobalSection(SolutionProperties) = preSolution
		HideSolutionNode = FALSE
	EndGlobalSection
	GlobalSection(ExtensibilityGlobals) = postSolution
		SolutionGuid = {6812DBD8-DF69-44A8-AEB7-41C1FAC0059C}
	EndGlobalSection
EndGlobal
